
Microsoft Visual Studio Solution File, Format Version 12.00
# Visual Studio Version 17
VisualStudioVersion = 17.0.31903.59
MinimumVisualStudioVersion = 10.0.40219.1
Project("{9A19103F-16F7-4668-BE54-9A1E7A4F7556}") = "Day02", "Day02\Day02.csproj", "{5A173B9F-2619-41BE-8421-25FC36CB5741}"
EndProject
Project("{9A19103F-16F7-4668-BE54-9A1E7A4F7556}") = "Day01", "Day01\Day01.csproj", "{0178867C-B231-4AA4-A19B-13633A720416}"
EndProject
Project("{9A19103F-16F7-4668-BE54-9A1E7A4F7556}") = "Day03", "Day03\Day03.csproj", "{0832F1AD-FAD5-4194-8955-C15757BF6FCD}"
EndProject
Project("{9A19103F-16F7-4668-BE54-9A1E7A4F7556}") = "Day04", "Day04\Day04.csproj", "{B326EA1E-D4CB-4AAE-86A2-164B70590C7C}"
EndProject
Project("{FAE04EC0-301F-11D3-BF4B-00C04F79EFBC}") = "Day05", "Day05\Day05.csproj", "{6A8EFE8B-E37A-4C0F-A853-941BFAC40061}"
EndProject
Global
	GlobalSection(SolutionConfigurationPlatforms) = preSolution
		Debug|Any CPU = Debug|Any CPU
		Release|Any CPU = Release|Any CPU
	EndGlobalSection
	GlobalSection(ProjectConfigurationPlatforms) = postSolution
		{5A173B9F-2619-41BE-8421-25FC36CB5741}.Debug|Any CPU.ActiveCfg = Debug|Any CPU
		{5A173B9F-2619-41BE-8421-25FC36CB5741}.Debug|Any CPU.Build.0 = Debug|Any CPU
		{5A173B9F-2619-41BE-8421-25FC36CB5741}.Release|Any CPU.ActiveCfg = Release|Any CPU
		{5A173B9F-2619-41BE-8421-25FC36CB5741}.Release|Any CPU.Build.0 = Release|Any CPU
		{0178867C-B231-4AA4-A19B-13633A720416}.Debug|Any CPU.ActiveCfg = Debug|Any CPU
		{0178867C-B231-4AA4-A19B-13633A720416}.Debug|Any CPU.Build.0 = Debug|Any CPU
		{0178867C-B231-4AA4-A19B-13633A720416}.Release|Any CPU.ActiveCfg = Release|Any CPU
		{0178867C-B231-4AA4-A19B-13633A720416}.Release|Any CPU.Build.0 = Release|Any CPU
		{0832F1AD-FAD5-4194-8955-C15757BF6FCD}.Debug|Any CPU.ActiveCfg = Debug|Any CPU
		{0832F1AD-FAD5-4194-8955-C15757BF6FCD}.Debug|Any CPU.Build.0 = Debug|Any CPU
		{0832F1AD-FAD5-4194-8955-C15757BF6FCD}.Release|Any CPU.ActiveCfg = Release|Any CPU
		{0832F1AD-FAD5-4194-8955-C15757BF6FCD}.Release|Any CPU.Build.0 = Release|Any CPU
		{B326EA1E-D4CB-4AAE-86A2-164B70590C7C}.Debug|Any CPU.ActiveCfg = Debug|Any CPU
		{B326EA1E-D4CB-4AAE-86A2-164B70590C7C}.Debug|Any CPU.Build.0 = Debug|Any CPU
		{B326EA1E-D4CB-4AAE-86A2-164B70590C7C}.Release|Any CPU.ActiveCfg = Release|Any CPU
		{B326EA1E-D4CB-4AAE-86A2-164B70590C7C}.Release|Any CPU.Build.0 = Release|Any CPU
		{6A8EFE8B-E37A-4C0F-A853-941BFAC40061}.Debug|Any CPU.ActiveCfg = Debug|Any CPU
		{6A8EFE8B-E37A-4C0F-A853-941BFAC40061}.Debug|Any CPU.Build.0 = Debug|Any CPU
		{6A8EFE8B-E37A-4C0F-A853-941BFAC40061}.Release|Any CPU.ActiveCfg = Release|Any CPU
		{6A8EFE8B-E37A-4C0F-A853-941BFAC40061}.Release|Any CPU.Build.0 = Release|Any CPU
	EndGlobalSection
	GlobalSection(SolutionProperties) = preSolution
		HideSolutionNode = FALSE
	EndGlobalSection
	GlobalSection(ExtensibilityGlobals) = postSolution
		SolutionGuid = {B35116DD-1FDE-4BFC-A81D-8762DB69FAF1}
	EndGlobalSection
EndGlobal
